
Microsoft Visual Studio Solution File, Format Version 12.00
# Visual Studio Version 17
VisualStudioVersion = 17.8.34316.72
MinimumVisualStudioVersion = 10.0.40219.1
Project("{FAE04EC0-301F-11D3-BF4B-00C04F79EFBC}") = "Kalkylator", "Kalkylator.csproj", "{CDDE77A9-5C1D-400C-997C-E39236242352}"
EndProject
Global
	GlobalSection(SolutionConfigurationPlatforms) = preSolution
		Debug|Any CPU = Debug|Any CPU
		Release|Any CPU = Release|Any CPU
	EndGlobalSection
	GlobalSection(ProjectConfigurationPlatforms) = postSolution
		{CDDE77A9-5C1D-400C-997C-E39236242352}.Debug|Any CPU.ActiveCfg = Debug|Any CPU
		{CDDE77A9-5C1D-400C-997C-E39236242352}.Debug|Any CPU.Build.0 = Debug|Any CPU
		{CDDE77A9-5C1D-400C-997C-E39236242352}.Release|Any CPU.ActiveCfg = Release|Any CPU
		{CDDE77A9-5C1D-400C-997C-E39236242352}.Release|Any CPU.Build.0 = Release|Any CPU
	EndGlobalSection
	GlobalSection(SolutionProperties) = preSolution
		HideSolutionNode = FALSE
	EndGlobalSection
	GlobalSection(ExtensibilityGlobals) = postSolution
		SolutionGuid = {9142B3CD-4311-494B-9E00-914B667A0DBC}
	EndGlobalSection
EndGlobal
